
Microsoft Visual Studio Solution File, Format Version 12.00
# Visual Studio Version 16
VisualStudioVersion = 16.0.31129.286
MinimumVisualStudioVersion = 10.0.40219.1
Project("{FAE04EC0-301F-11D3-BF4B-00C04F79EFBC}") = "Lab06", "Lab06\Lab06.csproj", "{B02779AD-CC66-4388-A6D9-B7E6E306DA59}"
EndProject
Global
	GlobalSection(SolutionConfigurationPlatforms) = preSolution
		Debug|Any CPU = Debug|Any CPU
		Release|Any CPU = Release|Any CPU
	EndGlobalSection
	GlobalSection(ProjectConfigurationPlatforms) = postSolution
		{B02779AD-CC66-4388-A6D9-B7E6E306DA59}.Debug|Any CPU.ActiveCfg = Debug|Any CPU
		{B02779AD-CC66-4388-A6D9-B7E6E306DA59}.Debug|Any CPU.Build.0 = Debug|Any CPU
		{B02779AD-CC66-4388-A6D9-B7E6E306DA59}.Release|Any CPU.ActiveCfg = Release|Any CPU
		{B02779AD-CC66-4388-A6D9-B7E6E306DA59}.Release|Any CPU.Build.0 = Release|Any CPU
	EndGlobalSection
	GlobalSection(SolutionProperties) = preSolution
		HideSolutionNode = FALSE
	EndGlobalSection
	GlobalSection(ExtensibilityGlobals) = postSolution
		SolutionGuid = {753A610F-D773-44BB-B8EB-21DD947F4C30}
	EndGlobalSection
EndGlobal
